
Microsoft Visual Studio Solution File, Format Version 12.00
# Visual Studio Version 16
VisualStudioVersion = 16.0.30204.135
MinimumVisualStudioVersion = 10.0.40219.1
Project("{FAE04EC0-301F-11D3-BF4B-00C04F79EFBC}") = "Core", "Core\Core.csproj", "{94E76A49-AB90-466C-8730-6267D11EA66B}"
EndProject
Project("{FAE04EC0-301F-11D3-BF4B-00C04F79EFBC}") = "Cmd", "Cmd\Cmd.csproj", "{2D99187D-3E3D-4E7D-B57A-6F909239AB29}"
EndProject
Global
	GlobalSection(SolutionConfigurationPlatforms) = preSolution
		Debug|Any CPU = Debug|Any CPU
		Release|Any CPU = Release|Any CPU
	EndGlobalSection
	GlobalSection(ProjectConfigurationPlatforms) = postSolution
		{94E76A49-AB90-466C-8730-6267D11EA66B}.Debug|Any CPU.ActiveCfg = Debug|Any CPU
		{94E76A49-AB90-466C-8730-6267D11EA66B}.Debug|Any CPU.Build.0 = Debug|Any CPU
		{94E76A49-AB90-466C-8730-6267D11EA66B}.Release|Any CPU.ActiveCfg = Release|Any CPU
		{94E76A49-AB90-466C-8730-6267D11EA66B}.Release|Any CPU.Build.0 = Release|Any CPU
		{2D99187D-3E3D-4E7D-B57A-6F909239AB29}.Debug|Any CPU.ActiveCfg = Debug|Any CPU
		{2D99187D-3E3D-4E7D-B57A-6F909239AB29}.Debug|Any CPU.Build.0 = Debug|Any CPU
		{2D99187D-3E3D-4E7D-B57A-6F909239AB29}.Release|Any CPU.ActiveCfg = Release|Any CPU
		{2D99187D-3E3D-4E7D-B57A-6F909239AB29}.Release|Any CPU.Build.0 = Release|Any CPU
	EndGlobalSection
	GlobalSection(SolutionProperties) = preSolution
		HideSolutionNode = FALSE
	EndGlobalSection
	GlobalSection(ExtensibilityGlobals) = postSolution
		SolutionGuid = {A4702AC6-5D5A-4513-8C29-96D0938D16FA}
	EndGlobalSection
EndGlobal
